Microsoft Visual Studio Solution File, Format Version 12.00
# Visual Studio 2012
Project("{FAE04EC0-301F-11D3-BF4B-00C04F79EFBC}") = "Layka", "Layka.csproj", "{1092FFB8-8F17-45D9-A91A-2A00CFE76CAA}"
EndProject
Global
	GlobalSection(SolutionConfigurationPlatforms) = preSolution
	Debug|Any CPU = Debug|Any CPU
	ExportDebug|Any CPU = ExportDebug|Any CPU
	ExportRelease|Any CPU = ExportRelease|Any CPU
	EndGlobalSection
	GlobalSection(ProjectConfigurationPlatforms) = postSolution
		{1092FFB8-8F17-45D9-A91A-2A00CFE76CAA}.Debug|Any CPU.ActiveCfg = Debug|Any CPU
		{1092FFB8-8F17-45D9-A91A-2A00CFE76CAA}.Debug|Any CPU.Build.0 = Debug|Any CPU
		{1092FFB8-8F17-45D9-A91A-2A00CFE76CAA}.ExportDebug|Any CPU.ActiveCfg = ExportDebug|Any CPU
		{1092FFB8-8F17-45D9-A91A-2A00CFE76CAA}.ExportDebug|Any CPU.Build.0 = ExportDebug|Any CPU
		{1092FFB8-8F17-45D9-A91A-2A00CFE76CAA}.ExportRelease|Any CPU.ActiveCfg = ExportRelease|Any CPU
		{1092FFB8-8F17-45D9-A91A-2A00CFE76CAA}.ExportRelease|Any CPU.Build.0 = ExportRelease|Any CPU
	EndGlobalSection
EndGlobal
